{
  "name": "libsbmljs-webpack-example",
  "version": "1.0.0",
  "lockfileVersion": 1,
  "requires": true,
  "dependencies": {
    "libsbmljs_stable": {
      "version": "5.17.0-beta3",
      "resolved": "https://registry.npmjs.org/libsbmljs_stable/-/libsbmljs_stable-5.17.0-beta3.tgz",
      "integrity": "sha512-T9YeWXl9k/4kI52rM5deqNr5CWeX8B/yvW3xKz3sLronM/VEf6iJ5SIfHxAx4ZGz6Ftdg4KPZlWlrNm6Iv2C0Q=="
    }
  }
}
